
Microsoft Visual Studio Solution File, Format Version 12.00
# Visual Studio Version 17
VisualStudioVersion = 17.10.34928.147
MinimumVisualStudioVersion = 10.0.40219.1
Project("{FAE04EC0-301F-11D3-BF4B-00C04F79EFBC}") = "HealthCheck.Server", "HealthCheck.Server\HealthCheck.Server.csproj", "{6042FEC5-14B3-4B30-BD18-F36B43CD1173}"
EndProject
Project("{54A90642-561A-4BB1-A94E-469ADEE60C69}") = "healthcheck.client", "healthcheck.client\healthcheck.client.esproj", "{F8DE498E-1F66-476B-8E35-87C98EFD4E17}"
EndProject
Global
	GlobalSection(SolutionConfigurationPlatforms) = preSolution
		Debug|Any CPU = Debug|Any CPU
		Release|Any CPU = Release|Any CPU
	EndGlobalSection
	GlobalSection(ProjectConfigurationPlatforms) = postSolution
		{6042FEC5-14B3-4B30-BD18-F36B43CD1173}.Debug|Any CPU.ActiveCfg = Debug|Any CPU
		{6042FEC5-14B3-4B30-BD18-F36B43CD1173}.Debug|Any CPU.Build.0 = Debug|Any CPU
		{6042FEC5-14B3-4B30-BD18-F36B43CD1173}.Release|Any CPU.ActiveCfg = Release|Any CPU
		{6042FEC5-14B3-4B30-BD18-F36B43CD1173}.Release|Any CPU.Build.0 = Release|Any CPU
		{F8DE498E-1F66-476B-8E35-87C98EFD4E17}.Debug|Any CPU.ActiveCfg = Debug|Any CPU
		{F8DE498E-1F66-476B-8E35-87C98EFD4E17}.Debug|Any CPU.Build.0 = Debug|Any CPU
		{F8DE498E-1F66-476B-8E35-87C98EFD4E17}.Debug|Any CPU.Deploy.0 = Debug|Any CPU
		{F8DE498E-1F66-476B-8E35-87C98EFD4E17}.Release|Any CPU.ActiveCfg = Release|Any CPU
		{F8DE498E-1F66-476B-8E35-87C98EFD4E17}.Release|Any CPU.Build.0 = Release|Any CPU
		{F8DE498E-1F66-476B-8E35-87C98EFD4E17}.Release|Any CPU.Deploy.0 = Release|Any CPU
	EndGlobalSection
	GlobalSection(SolutionProperties) = preSolution
		HideSolutionNode = FALSE
	EndGlobalSection
	GlobalSection(ExtensibilityGlobals) = postSolution
		SolutionGuid = {936A337C-A4BF-41B9-8A82-1B95B3B38043}
	EndGlobalSection
EndGlobal
